
Microsoft Visual Studio Solution File, Format Version 12.00
# Visual Studio Version 17
VisualStudioVersion = 17.8.34309.116
MinimumVisualStudioVersion = 10.0.40219.1
Project("{9A19103F-16F7-4668-BE54-9A1E7A4F7556}") = "WPFUI", "JustRPG\WPFUI.csproj", "{D4A01544-4089-4868-8AAA-23A7C4A4E094}"
EndProject
Project("{9A19103F-16F7-4668-BE54-9A1E7A4F7556}") = "Engine", "Engine\Engine.csproj", "{D1F8523F-023C-4979-A193-DDFA9CB62BCD}"
EndProject
Project("{FAE04EC0-301F-11D3-BF4B-00C04F79EFBC}") = "TestGameSession", "TestProject1\TestGameSession.csproj", "{E0DE36E0-7743-4672-996E-A0A79F0707CB}"
EndProject
Global
	GlobalSection(SolutionConfigurationPlatforms) = preSolution
		Debug|Any CPU = Debug|Any CPU
		Release|Any CPU = Release|Any CPU
	EndGlobalSection
	GlobalSection(ProjectConfigurationPlatforms) = postSolution
		{D4A01544-4089-4868-8AAA-23A7C4A4E094}.Debug|Any CPU.ActiveCfg = Debug|Any CPU
		{D4A01544-4089-4868-8AAA-23A7C4A4E094}.Debug|Any CPU.Build.0 = Debug|Any CPU
		{D4A01544-4089-4868-8AAA-23A7C4A4E094}.Release|Any CPU.ActiveCfg = Release|Any CPU
		{D4A01544-4089-4868-8AAA-23A7C4A4E094}.Release|Any CPU.Build.0 = Release|Any CPU
		{D1F8523F-023C-4979-A193-DDFA9CB62BCD}.Debug|Any CPU.ActiveCfg = Debug|Any CPU
		{D1F8523F-023C-4979-A193-DDFA9CB62BCD}.Debug|Any CPU.Build.0 = Debug|Any CPU
		{D1F8523F-023C-4979-A193-DDFA9CB62BCD}.Release|Any CPU.ActiveCfg = Release|Any CPU
		{D1F8523F-023C-4979-A193-DDFA9CB62BCD}.Release|Any CPU.Build.0 = Release|Any CPU
		{E0DE36E0-7743-4672-996E-A0A79F0707CB}.Debug|Any CPU.ActiveCfg = Debug|Any CPU
		{E0DE36E0-7743-4672-996E-A0A79F0707CB}.Debug|Any CPU.Build.0 = Debug|Any CPU
		{E0DE36E0-7743-4672-996E-A0A79F0707CB}.Release|Any CPU.ActiveCfg = Release|Any CPU
		{E0DE36E0-7743-4672-996E-A0A79F0707CB}.Release|Any CPU.Build.0 = Release|Any CPU
	EndGlobalSection
	GlobalSection(SolutionProperties) = preSolution
		HideSolutionNode = FALSE
	EndGlobalSection
	GlobalSection(ExtensibilityGlobals) = postSolution
		SolutionGuid = {76725A38-0ADC-4080-9B2B-75D5E9AB184F}
	EndGlobalSection
EndGlobal
