
Microsoft Visual Studio Solution File, Format Version 12.00
# Visual Studio Version 17
VisualStudioVersion = 17.8.34309.116
MinimumVisualStudioVersion = 10.0.40219.1
Project("{9A19103F-16F7-4668-BE54-9A1E7A4F7556}") = "WPFUI", "JustRPG\WPFUI.csproj", "{D4A01544-4089-4868-8AAA-23A7C4A4E094}"
EndProject
Project("{9A19103F-16F7-4668-BE54-9A1E7A4F7556}") = "Engine", "Engine\Engine.csproj", "{D1F8523F-023C-4979-A193-DDFA9CB62BCD}"
EndProject
Project("{9A19103F-16F7-4668-BE54-9A1E7A4F7556}") = "TestGameSessionOld", "TestGameSessionOld\TestGameSessionOld.csproj", "{7D7D3EC5-A470-411A-98C7-394BE06688FD}"
EndProject
Project("{9A19103F-16F7-4668-BE54-9A1E7A4F7556}") = "TestGameSession", "TestGameSession\TestGameSession.csproj", "{03E5C09D-478D-401E-9F00-5839F088BE50}"
EndProject
Project("{9A19103F-16F7-4668-BE54-9A1E7A4F7556}") = "TestEngine", "TestEngine\TestEngine.csproj", "{8C4F388C-E717-4508-9280-E8EBD0D23E1D}"
EndProject
Project("{2150E333-8FDC-42A3-9474-1A3956D46DE8}") = "Tests", "Tests", "{F7C642B3-44FC-4372-B42C-4B9E3B785644}"
EndProject
Project("{9A19103F-16F7-4668-BE54-9A1E7A4F7556}") = "TestInventory", "TestInventory\TestInventory.csproj", "{BD3FFEAE-6F57-4EB3-BE2D-F7FCDBF9C758}"
EndProject
Project("{FAE04EC0-301F-11D3-BF4B-00C04F79EFBC}") = "TestCombatService", "TestCombatService\TestCombatService.csproj", "{CAF22025-48C0-4097-B356-11FA4222ABF6}"
EndProject
Project("{FAE04EC0-301F-11D3-BF4B-00C04F79EFBC}") = "TestSaveGameService", "TestSaveGameService\TestSaveGameService.csproj", "{D78B2BC6-D882-4FC4-86A5-DABACFD6A3D6}"
EndProject
Global
	GlobalSection(SolutionConfigurationPlatforms) = preSolution
		Debug|Any CPU = Debug|Any CPU
		Release|Any CPU = Release|Any CPU
	EndGlobalSection
	GlobalSection(ProjectConfigurationPlatforms) = postSolution
		{D4A01544-4089-4868-8AAA-23A7C4A4E094}.Debug|Any CPU.ActiveCfg = Debug|Any CPU
		{D4A01544-4089-4868-8AAA-23A7C4A4E094}.Debug|Any CPU.Build.0 = Debug|Any CPU
		{D4A01544-4089-4868-8AAA-23A7C4A4E094}.Release|Any CPU.ActiveCfg = Release|Any CPU
		{D4A01544-4089-4868-8AAA-23A7C4A4E094}.Release|Any CPU.Build.0 = Release|Any CPU
		{D1F8523F-023C-4979-A193-DDFA9CB62BCD}.Debug|Any CPU.ActiveCfg = Debug|Any CPU
		{D1F8523F-023C-4979-A193-DDFA9CB62BCD}.Debug|Any CPU.Build.0 = Debug|Any CPU
		{D1F8523F-023C-4979-A193-DDFA9CB62BCD}.Release|Any CPU.ActiveCfg = Release|Any CPU
		{D1F8523F-023C-4979-A193-DDFA9CB62BCD}.Release|Any CPU.Build.0 = Release|Any CPU
		{7D7D3EC5-A470-411A-98C7-394BE06688FD}.Debug|Any CPU.ActiveCfg = Debug|Any CPU
		{7D7D3EC5-A470-411A-98C7-394BE06688FD}.Debug|Any CPU.Build.0 = Debug|Any CPU
		{7D7D3EC5-A470-411A-98C7-394BE06688FD}.Release|Any CPU.ActiveCfg = Release|Any CPU
		{7D7D3EC5-A470-411A-98C7-394BE06688FD}.Release|Any CPU.Build.0 = Release|Any CPU
		{03E5C09D-478D-401E-9F00-5839F088BE50}.Debug|Any CPU.ActiveCfg = Debug|Any CPU
		{03E5C09D-478D-401E-9F00-5839F088BE50}.Debug|Any CPU.Build.0 = Debug|Any CPU
		{03E5C09D-478D-401E-9F00-5839F088BE50}.Release|Any CPU.ActiveCfg = Release|Any CPU
		{03E5C09D-478D-401E-9F00-5839F088BE50}.Release|Any CPU.Build.0 = Release|Any CPU
		{8C4F388C-E717-4508-9280-E8EBD0D23E1D}.Debug|Any CPU.ActiveCfg = Debug|Any CPU
		{8C4F388C-E717-4508-9280-E8EBD0D23E1D}.Debug|Any CPU.Build.0 = Debug|Any CPU
		{8C4F388C-E717-4508-9280-E8EBD0D23E1D}.Release|Any CPU.ActiveCfg = Release|Any CPU
		{8C4F388C-E717-4508-9280-E8EBD0D23E1D}.Release|Any CPU.Build.0 = Release|Any CPU
		{BD3FFEAE-6F57-4EB3-BE2D-F7FCDBF9C758}.Debug|Any CPU.ActiveCfg = Debug|Any CPU
		{BD3FFEAE-6F57-4EB3-BE2D-F7FCDBF9C758}.Debug|Any CPU.Build.0 = Debug|Any CPU
		{BD3FFEAE-6F57-4EB3-BE2D-F7FCDBF9C758}.Release|Any CPU.ActiveCfg = Release|Any CPU
		{BD3FFEAE-6F57-4EB3-BE2D-F7FCDBF9C758}.Release|Any CPU.Build.0 = Release|Any CPU
		{CAF22025-48C0-4097-B356-11FA4222ABF6}.Debug|Any CPU.ActiveCfg = Debug|Any CPU
		{CAF22025-48C0-4097-B356-11FA4222ABF6}.Debug|Any CPU.Build.0 = Debug|Any CPU
		{CAF22025-48C0-4097-B356-11FA4222ABF6}.Release|Any CPU.ActiveCfg = Release|Any CPU
		{CAF22025-48C0-4097-B356-11FA4222ABF6}.Release|Any CPU.Build.0 = Release|Any CPU
		{D78B2BC6-D882-4FC4-86A5-DABACFD6A3D6}.Debug|Any CPU.ActiveCfg = Debug|Any CPU
		{D78B2BC6-D882-4FC4-86A5-DABACFD6A3D6}.Debug|Any CPU.Build.0 = Debug|Any CPU
		{D78B2BC6-D882-4FC4-86A5-DABACFD6A3D6}.Release|Any CPU.ActiveCfg = Release|Any CPU
		{D78B2BC6-D882-4FC4-86A5-DABACFD6A3D6}.Release|Any CPU.Build.0 = Release|Any CPU
	EndGlobalSection
	GlobalSection(SolutionProperties) = preSolution
		HideSolutionNode = FALSE
	EndGlobalSection
	GlobalSection(NestedProjects) = preSolution
		{7D7D3EC5-A470-411A-98C7-394BE06688FD} = {F7C642B3-44FC-4372-B42C-4B9E3B785644}
		{03E5C09D-478D-401E-9F00-5839F088BE50} = {F7C642B3-44FC-4372-B42C-4B9E3B785644}
		{8C4F388C-E717-4508-9280-E8EBD0D23E1D} = {F7C642B3-44FC-4372-B42C-4B9E3B785644}
		{BD3FFEAE-6F57-4EB3-BE2D-F7FCDBF9C758} = {F7C642B3-44FC-4372-B42C-4B9E3B785644}
		{CAF22025-48C0-4097-B356-11FA4222ABF6} = {F7C642B3-44FC-4372-B42C-4B9E3B785644}
		{D78B2BC6-D882-4FC4-86A5-DABACFD6A3D6} = {F7C642B3-44FC-4372-B42C-4B9E3B785644}
	EndGlobalSection
	GlobalSection(ExtensibilityGlobals) = postSolution
		SolutionGuid = {76725A38-0ADC-4080-9B2B-75D5E9AB184F}
	EndGlobalSection
EndGlobal
