
Microsoft Visual Studio Solution File, Format Version 12.00
# Visual Studio Version 17
VisualStudioVersion = 17.8.34309.116
MinimumVisualStudioVersion = 10.0.40219.1
Project("{9A19103F-16F7-4668-BE54-9A1E7A4F7556}") = "WPFUI", "JustRPG\WPFUI.csproj", "{D4A01544-4089-4868-8AAA-23A7C4A4E094}"
EndProject
Project("{2150E333-8FDC-42A3-9474-1A3956D46DE8}") = "Docs", "Docs", "{ECDB7EAB-D1CF-468D-AD6D-02BEF35F6EA2}"
	ProjectSection(SolutionItems) = preProject
		LicensesConsumed.md = LicensesConsumed.md
		README.md = README.md
	EndProjectSection
EndProject
Project("{9A19103F-16F7-4668-BE54-9A1E7A4F7556}") = "NABISFRSTRPG.ViewModels", "nabisfrstrpg.ViewModels\NABISFRSTRPG.ViewModels.csproj", "{CF5796A1-3105-4153-951D-CD41A4784202}"
EndProject
Project("{9A19103F-16F7-4668-BE54-9A1E7A4F7556}") = "NABISFRSTRPG.Models", "nabisfrstrpg.Models\NABISFRSTRPG.Models.csproj", "{C5E2B30F-4D0E-4CF8-A7BC-335F9F397121}"
EndProject
Project("{9A19103F-16F7-4668-BE54-9A1E7A4F7556}") = "NABISFRSTRPG.Services", "nabisfrstrpg.Services\NABISFRSTRPG.Services.csproj", "{A007F0F0-6440-4D1C-B0A4-A4E1F36E4F4A}"
EndProject
Project("{9A19103F-16F7-4668-BE54-9A1E7A4F7556}") = "NABISFRSTRPG.Core", "NABISFRSTRPG.Core\NABISFRSTRPG.Core.csproj", "{7267D1BD-F855-4CD4-A83D-1472942D0089}"
EndProject
Global
	GlobalSection(SolutionConfigurationPlatforms) = preSolution
		Debug|Any CPU = Debug|Any CPU
		Release|Any CPU = Release|Any CPU
	EndGlobalSection
	GlobalSection(ProjectConfigurationPlatforms) = postSolution
		{D4A01544-4089-4868-8AAA-23A7C4A4E094}.Debug|Any CPU.ActiveCfg = Debug|Any CPU
		{D4A01544-4089-4868-8AAA-23A7C4A4E094}.Debug|Any CPU.Build.0 = Debug|Any CPU
		{D4A01544-4089-4868-8AAA-23A7C4A4E094}.Release|Any CPU.ActiveCfg = Release|Any CPU
		{D4A01544-4089-4868-8AAA-23A7C4A4E094}.Release|Any CPU.Build.0 = Release|Any CPU
		{CF5796A1-3105-4153-951D-CD41A4784202}.Debug|Any CPU.ActiveCfg = Debug|Any CPU
		{CF5796A1-3105-4153-951D-CD41A4784202}.Debug|Any CPU.Build.0 = Debug|Any CPU
		{CF5796A1-3105-4153-951D-CD41A4784202}.Release|Any CPU.ActiveCfg = Release|Any CPU
		{CF5796A1-3105-4153-951D-CD41A4784202}.Release|Any CPU.Build.0 = Release|Any CPU
		{C5E2B30F-4D0E-4CF8-A7BC-335F9F397121}.Debug|Any CPU.ActiveCfg = Debug|Any CPU
		{C5E2B30F-4D0E-4CF8-A7BC-335F9F397121}.Debug|Any CPU.Build.0 = Debug|Any CPU
		{C5E2B30F-4D0E-4CF8-A7BC-335F9F397121}.Release|Any CPU.ActiveCfg = Release|Any CPU
		{C5E2B30F-4D0E-4CF8-A7BC-335F9F397121}.Release|Any CPU.Build.0 = Release|Any CPU
		{A007F0F0-6440-4D1C-B0A4-A4E1F36E4F4A}.Debug|Any CPU.ActiveCfg = Debug|Any CPU
		{A007F0F0-6440-4D1C-B0A4-A4E1F36E4F4A}.Debug|Any CPU.Build.0 = Debug|Any CPU
		{A007F0F0-6440-4D1C-B0A4-A4E1F36E4F4A}.Release|Any CPU.ActiveCfg = Release|Any CPU
		{A007F0F0-6440-4D1C-B0A4-A4E1F36E4F4A}.Release|Any CPU.Build.0 = Release|Any CPU
		{7267D1BD-F855-4CD4-A83D-1472942D0089}.Debug|Any CPU.ActiveCfg = Debug|Any CPU
		{7267D1BD-F855-4CD4-A83D-1472942D0089}.Debug|Any CPU.Build.0 = Debug|Any CPU
		{7267D1BD-F855-4CD4-A83D-1472942D0089}.Release|Any CPU.ActiveCfg = Release|Any CPU
		{7267D1BD-F855-4CD4-A83D-1472942D0089}.Release|Any CPU.Build.0 = Release|Any CPU
	EndGlobalSection
	GlobalSection(SolutionProperties) = preSolution
		HideSolutionNode = FALSE
	EndGlobalSection
	GlobalSection(ExtensibilityGlobals) = postSolution
		SolutionGuid = {76725A38-0ADC-4080-9B2B-75D5E9AB184F}
	EndGlobalSection
EndGlobal
